// !$*UTF8*$!
{
	archiveVersion = 1;
	classes = {
	};
	objectVersion = 56;
	objects = {

/* Begin PBXBuildFile section */
		4F2F66D22A123E6900819DAF /* AppDelegate.swift in Sources */ = {isa = PBXBuildFile; fileRef = 4F2F66D12A123E6900819DAF /* AppDelegate.swift */; };
		4F2F66D42A123E6900819DAF /* SceneDelegate.swift in Sources */ = {isa = PBXBuildFile; fileRef = 4F2F66D32A123E6900819DAF /* SceneDelegate.swift */; };
		4F2F66D62A123E6900819DAF /* ViewController.swift in Sources */ = {isa = PBXBuildFile; fileRef = 4F2F66D52A123E6900819DAF /* ViewController.swift */; };
		4F2F66D92A123E6900819DAF /* Main.storyboard in Resources */ = {isa = PBXBuildFile; fileRef = 4F2F66D72A123E6900819DAF /* Main.storyboard */; };
		4F2F66DB2A123E6B00819DAF /* Assets.xcassets in Resources */ = {isa = PBXBuildFile; fileRef = 4F2F66DA2A123E6B00819DAF /* Assets.xcassets */; };
		4F2F66DE2A123E6B00819DAF /* LaunchScreen.storyboard in Resources */ = {isa = PBXBuildFile; fileRef = 4F2F66DC2A123E6B00819DAF /* LaunchScreen.storyboard */; };
		4F2F66E92A123E6B00819DAF /* FaceIDwKeychainTests.swift in Sources */ = {isa = PBXBuildFile; fileRef = 4F2F66E82A123E6B00819DAF /* FaceIDwKeychainTests.swift */; };
		4F2F66F32A123E6B00819DAF /* FaceIDwKeychainUITests.swift in Sources */ = {isa = PBXBuildFile; fileRef = 4F2F66F22A123E6B00819DAF /* FaceIDwKeychainUITests.swift */; };
		4F2F66F52A123E6B00819DAF /* FaceIDwKeychainUITestsLaunchTests.swift in Sources */ = {isa = PBXBuildFile; fileRef = 4F2F66F42A123E6B00819DAF /* FaceIDwKeychainUITestsLaunchTests.swift */; };
/* End PBXBuildFile section */

/* Begin PBXContainerItemProxy section */
		4F2F66E52A123E6B00819DAF /* PBXContainerItemProxy */ = {
			isa = PBXContainerItemProxy;
			containerPortal = 4F2F66C62A123E6900819DAF /* Project object */;
			proxyType = 1;
			remoteGlobalIDString = 4F2F66CD2A123E6900819DAF;
			remoteInfo = FaceIDwKeychain;
		};
		4F2F66EF2A123E6B00819DAF /* PBXContainerItemProxy */ = {
			isa = PBXContainerItemProxy;
			containerPortal = 4F2F66C62A123E6900819DAF /* Project object */;
			proxyType = 1;
			remoteGlobalIDString = 4F2F66CD2A123E6900819DAF;
			remoteInfo = FaceIDwKeychain;
		};
/* End PBXContainerItemProxy section */

/* Begin PBXFileReference section */
		4F2F66CE2A123E6900819DAF /* FaceIDwKeychain.app */ = {isa = PBXFileReference; explicitFileType = wrapper.application; includeInIndex = 0; path = FaceIDwKeychain.app; sourceTree = BUILT_PRODUCTS_DIR; };
		4F2F66D12A123E6900819DAF /* AppDelegate.swift */ = {isa = PBXFileReference; lastKnownFileType = sourcecode.swift; path = AppDelegate.swift; sourceTree = "<group>"; };
		4F2F66D32A123E6900819DAF /* SceneDelegate.swift */ = {isa = PBXFileReference; lastKnownFileType = sourcecode.swift; path = SceneDelegate.swift; sourceTree = "<group>"; };
		4F2F66D52A123E6900819DAF /* ViewController.swift */ = {isa = PBXFileReference; lastKnownFileType = sourcecode.swift; path = ViewController.swift; sourceTree = "<group>"; };
		4F2F66D82A123E6900819DAF /* Base */ = {isa = PBXFileReference; lastKnownFileType = file.storyboard; name = Base; path = Base.lproj/Main.storyboard; sourceTree = "<group>"; };
		4F2F66DA2A123E6B00819DAF /* Assets.xcassets */ = {isa = PBXFileReference; lastKnownFileType = folder.assetcatalog; path = Assets.xcassets; sourceTree = "<group>"; };
		4F2F66DD2A123E6B00819DAF /* Base */ = {isa = PBXFileReference; lastKnownFileType = file.storyboard; name = Base; path = Base.lproj/LaunchScreen.storyboard; sourceTree = "<group>"; };
		4F2F66DF2A123E6B00819DAF /* Info.plist */ = {isa = PBXFileReference; lastKnownFileType = text.plist.xml; path = Info.plist; sourceTree = "<group>"; };
		4F2F66E42A123E6B00819DAF /* FaceIDwKeychainTests.xctest */ = {isa = PBXFileReference; explicitFileType = wrapper.cfbundle; includeInIndex = 0; path = FaceIDwKeychainTests.xctest; sourceTree = BUILT_PRODUCTS_DIR; };
		4F2F66E82A123E6B00819DAF /* FaceIDwKeychainTests.swift */ = {isa = PBXFileReference; lastKnownFileType = sourcecode.swift; path = FaceIDwKeychainTests.swift; sourceTree = "<group>"; };
		4F2F66EE2A123E6B00819DAF /* FaceIDwKeychainUITests.xctest */ = {isa = PBXFileReference; explicitFileType = wrapper.cfbundle; includeInIndex = 0; path = FaceIDwKeychainUITests.xctest; sourceTree = BUILT_PRODUCTS_DIR; };
		4F2F66F22A123E6B00819DAF /* FaceIDwKeychainUITests.swift */ = {isa = PBXFileReference; lastKnownFileType = sourcecode.swift; path = FaceIDwKeychainUITests.swift; sourceTree = "<group>"; };
		4F2F66F42A123E6B00819DAF /* FaceIDwKeychainUITestsLaunchTests.swift */ = {isa = PBXFileReference; lastKnownFileType = sourcecode.swift; path = FaceIDwKeychainUITestsLaunchTests.swift; sourceTree = "<group>"; };
/* End PBXFileReference section */

/* Begin PBXFrameworksBuildPhase section */
		4F2F66CB2A123E6900819DAF /* Frameworks */ = {
			isa = PBXFrameworksBuildPhase;
			buildActionMask = 2147483647;
			files = (
			);
			runOnlyForDeploymentPostprocessing = 0;
		};
		4F2F66E12A123E6B00819DAF /* Frameworks */ = {
			isa = PBXFrameworksBuildPhase;
			buildActionMask = 2147483647;
			files = (
			);
			runOnlyForDeploymentPostprocessing = 0;
		};
		4F2F66EB2A123E6B00819DAF /* Frameworks */ = {
			isa = PBXFrameworksBuildPhase;
			buildActionMask = 2147483647;
			files = (
			);
			runOnlyForDeploymentPostprocessing = 0;
		};
/* End PBXFrameworksBuildPhase section */

/* Begin PBXGroup section */
		4F2F66C52A123E6900819DAF = {
			isa = PBXGroup;
			children = (
				4F2F66D02A123E6900819DAF /* FaceIDwKeychain */,
				4F2F66E72A123E6B00819DAF /* FaceIDwKeychainTests */,
				4F2F66F12A123E6B00819DAF /* FaceIDwKeychainUITests */,
				4F2F66CF2A123E6900819DAF /* Products */,
			);
			sourceTree = "<group>";
		};
		4F2F66CF2A123E6900819DAF /* Products */ = {
			isa = PBXGroup;
			children = (
				4F2F66CE2A123E6900819DAF /* FaceIDwKeychain.app */,
				4F2F66E42A123E6B00819DAF /* FaceIDwKeychainTests.xctest */,
				4F2F66EE2A123E6B00819DAF /* FaceIDwKeychainUITests.xctest */,
			);
			name = Products;
			sourceTree = "<group>";
		};
		4F2F66D02A123E6900819DAF /* FaceIDwKeychain */ = {
			isa = PBXGroup;
			children = (
				4F2F66D12A123E6900819DAF /* AppDelegate.swift */,
				4F2F66D32A123E6900819DAF /* SceneDelegate.swift */,
				4F2F66D52A123E6900819DAF /* ViewController.swift */,
				4F2F66D72A123E6900819DAF /* Main.storyboard */,
				4F2F66DA2A123E6B00819DAF /* Assets.xcassets */,
				4F2F66DC2A123E6B00819DAF /* LaunchScreen.storyboard */,
				4F2F66DF2A123E6B00819DAF /* Info.plist */,
			);
			path = FaceIDwKeychain;
			sourceTree = "<group>";
		};
		4F2F66E72A123E6B00819DAF /* FaceIDwKeychainTests */ = {
			isa = PBXGroup;
			children = (
				4F2F66E82A123E6B00819DAF /* FaceIDwKeychainTests.swift */,
			);
			path = FaceIDwKeychainTests;
			sourceTree = "<group>";
		};
		4F2F66F12A123E6B00819DAF /* FaceIDwKeychainUITests */ = {
			isa = PBXGroup;
			children = (
				4F2F66F22A123E6B00819DAF /* FaceIDwKeychainUITests.swift */,
				4F2F66F42A123E6B00819DAF /* FaceIDwKeychainUITestsLaunchTests.swift */,
			);
			path = FaceIDwKeychainUITests;
			sourceTree = "<group>";
		};
/* End PBXGroup section */

/* Begin PBXNativeTarget section */
		4F2F66CD2A123E6900819DAF /* FaceIDwKeychain */ = {
			isa = PBXNativeTarget;
			buildConfigurationList = 4F2F66F82A123E6B00819DAF /* Build configuration list for PBXNativeTarget "FaceIDwKeychain" */;
			buildPhases = (
				4F2F66CA2A123E6900819DAF /* Sources */,
				4F2F66CB2A123E6900819DAF /* Frameworks */,
				4F2F66CC2A123E6900819DAF /* Resources */,
			);
			buildRules = (
			);
			dependencies = (
			);
			name = FaceIDwKeychain;
			productName = FaceIDwKeychain;
			productReference = 4F2F66CE2A123E6900819DAF /* FaceIDwKeychain.app */;
			productType = "com.apple.product-type.application";
		};
		4F2F66E32A123E6B00819DAF /* FaceIDwKeychainTests */ = {
			isa = PBXNativeTarget;
			buildConfigurationList = 4F2F66FB2A123E6B00819DAF /* Build configuration list for PBXNativeTarget "FaceIDwKeychainTests" */;
			buildPhases = (
				4F2F66E02A123E6B00819DAF /* Sources */,
				4F2F66E12A123E6B00819DAF /* Frameworks */,
				4F2F66E22A123E6B00819DAF /* Resources */,
			);
			buildRules = (
			);
			dependencies = (
				4F2F66E62A123E6B00819DAF /* PBXTargetDependency */,
			);
			name = FaceIDwKeychainTests;
			productName = FaceIDwKeychainTests;
			productReference = 4F2F66E42A123E6B00819DAF /* FaceIDwKeychainTests.xctest */;
			productType = "com.apple.product-type.bundle.unit-test";
		};
		4F2F66ED2A123E6B00819DAF /* FaceIDwKeychainUITests */ = {
			isa = PBXNativeTarget;
			buildConfigurationList = 4F2F66FE2A123E6B00819DAF /* Build configuration list for PBXNativeTarget "FaceIDwKeychainUITests" */;
			buildPhases = (
				4F2F66EA2A123E6B00819DAF /* Sources */,
				4F2F66EB2A123E6B00819DAF /* Frameworks */,
				4F2F66EC2A123E6B00819DAF /* Resources */,
			);
			buildRules = (
			);
			dependencies = (
				4F2F66F02A123E6B00819DAF /* PBXTargetDependency */,
			);
			name = FaceIDwKeychainUITests;
			productName = FaceIDwKeychainUITests;
			productReference = 4F2F66EE2A123E6B00819DAF /* FaceIDwKeychainUITests.xctest */;
			productType = "com.apple.product-type.bundle.ui-testing";
		};
/* End PBXNativeTarget section */

/* Begin PBXProject section */
		4F2F66C62A123E6900819DAF /* Project object */ = {
			isa = PBXProject;
			attributes = {
				BuildIndependentTargetsInParallel = 1;
				LastSwiftUpdateCheck = 1420;
				LastUpgradeCheck = 1420;
				TargetAttributes = {
					4F2F66CD2A123E6900819DAF = {
						CreatedOnToolsVersion = 14.2;
					};
					4F2F66E32A123E6B00819DAF = {
						CreatedOnToolsVersion = 14.2;
						TestTargetID = 4F2F66CD2A123E6900819DAF;
					};
					4F2F66ED2A123E6B00819DAF = {
						CreatedOnToolsVersion = 14.2;
						TestTargetID = 4F2F66CD2A123E6900819DAF;
					};
				};
			};
			buildConfigurationList = 4F2F66C92A123E6900819DAF /* Build configuration list for PBXProject "FaceIDwKeychain" */;
			compatibilityVersion = "Xcode 14.0";
			developmentRegion = en;
			hasScannedForEncodings = 0;
			knownRegions = (
				en,
				Base,
			);
			mainGroup = 4F2F66C52A123E6900819DAF;
			productRefGroup = 4F2F66CF2A123E6900819DAF /* Products */;
			projectDirPath = "";
			projectRoot = "";
			targets = (
				4F2F66CD2A123E6900819DAF /* FaceIDwKeychain */,
				4F2F66E32A123E6B00819DAF /* FaceIDwKeychainTests */,
				4F2F66ED2A123E6B00819DAF /* FaceIDwKeychainUITests */,
			);
		};
/* End PBXProject section */

/* Begin PBXResourcesBuildPhase section */
		4F2F66CC2A123E6900819DAF /* Resources */ = {
			isa = PBXResourcesBuildPhase;
			buildActionMask = 2147483647;
			files = (
				4F2F66DE2A123E6B00819DAF /* LaunchScreen.storyboard in Resources */,
				4F2F66DB2A123E6B00819DAF /* Assets.xcassets in Resources */,
				4F2F66D92A123E6900819DAF /* Main.storyboard in Resources */,
			);
			runOnlyForDeploymentPostprocessing = 0;
		};
		4F2F66E22A123E6B00819DAF /* Resources */ = {
			isa = PBXResourcesBuildPhase;
			buildActionMask = 2147483647;
			files = (
			);
			runOnlyForDeploymentPostprocessing = 0;
		};
		4F2F66EC2A123E6B00819DAF /* Resources */ = {
			isa = PBXResourcesBuildPhase;
			buildActionMask = 2147483647;
			files = (
			);
			runOnlyForDeploymentPostprocessing = 0;
		};
/* End PBXResourcesBuildPhase section */

/* Begin PBXSourcesBuildPhase section */
		4F2F66CA2A123E6900819DAF /* Sources */ = {
			isa = PBXSourcesBuildPhase;
			buildActionMask = 2147483647;
			files = (
				4F2F66D62A123E6900819DAF /* ViewController.swift in Sources */,
				4F2F66D22A123E6900819DAF /* AppDelegate.swift in Sources */,
				4F2F66D42A123E6900819DAF /* SceneDelegate.swift in Sources */,
			);
			runOnlyForDeploymentPostprocessing = 0;
		};
		4F2F66E02A123E6B00819DAF /* Sources */ = {
			isa = PBXSourcesBuildPhase;
			buildActionMask = 2147483647;
			files = (
				4F2F66E92A123E6B00819DAF /* FaceIDwKeychainTests.swift in Sources */,
			);
			runOnlyForDeploymentPostprocessing = 0;
		};
		4F2F66EA2A123E6B00819DAF /* Sources */ = {
			isa = PBXSourcesBuildPhase;
			buildActionMask = 2147483647;
			files = (
				4F2F66F52A123E6B00819DAF /* FaceIDwKeychainUITestsLaunchTests.swift in Sources */,
				4F2F66F32A123E6B00819DAF /* FaceIDwKeychainUITests.swift in Sources */,
			);
			runOnlyForDeploymentPostprocessing = 0;
		};
/* End PBXSourcesBuildPhase section */

/* Begin PBXTargetDependency section */
		4F2F66E62A123E6B00819DAF /* PBXTargetDependency */ = {
			isa = PBXTargetDependency;
			target = 4F2F66CD2A123E6900819DAF /* FaceIDwKeychain */;
			targetProxy = 4F2F66E52A123E6B00819DAF /* PBXContainerItemProxy */;
		};
		4F2F66F02A123E6B00819DAF /* PBXTargetDependency */ = {
			isa = PBXTargetDependency;
			target = 4F2F66CD2A123E6900819DAF /* FaceIDwKeychain */;
			targetProxy = 4F2F66EF2A123E6B00819DAF /* PBXContainerItemProxy */;
		};
/* End PBXTargetDependency section */

/* Begin PBXVariantGroup section */
		4F2F66D72A123E6900819DAF /* Main.storyboard */ = {
			isa = PBXVariantGroup;
			children = (
				4F2F66D82A123E6900819DAF /* Base */,
			);
			name = Main.storyboard;
			sourceTree = "<group>";
		};
		4F2F66DC2A123E6B00819DAF /* LaunchScreen.storyboard */ = {
			isa = PBXVariantGroup;
			children = (
				4F2F66DD2A123E6B00819DAF /* Base */,
			);
			name = LaunchScreen.storyboard;
			sourceTree = "<group>";
		};
/* End PBXVariantGroup section */

/* Begin XCBuildConfiguration section */
		4F2F66F62A123E6B00819DAF /* Debug */ = {
			isa = XCBuildConfiguration;
			buildSettings = {
				ALWAYS_SEARCH_USER_PATHS = NO;
				CLANG_ANALYZER_NONNULL = YES;
				CLANG_ANALYZER_NUMBER_OBJECT_CONVERSION = YES_AGGRESSIVE;
				CLANG_CXX_LANGUAGE_STANDARD = "gnu++20";
				CLANG_ENABLE_MODULES = YES;
				CLANG_ENABLE_OBJC_ARC = YES;
				CLANG_ENABLE_OBJC_WEAK = YES;
				CLANG_WARN_BLOCK_CAPTURE_AUTORELEASING = YES;
				CLANG_WARN_BOOL_CONVERSION = YES;
				CLANG_WARN_COMMA = YES;
				CLANG_WARN_CONSTANT_CONVERSION = YES;
				CLANG_WARN_DEPRECATED_OBJC_IMPLEMENTATIONS = YES;
				CLANG_WARN_DIRECT_OBJC_ISA_USAGE = YES_ERROR;
				CLANG_WARN_DOCUMENTATION_COMMENTS = YES;
				CLANG_WARN_EMPTY_BODY = YES;
				CLANG_WARN_ENUM_CONVERSION = YES;
				CLANG_WARN_INFINITE_RECURSION = YES;
				CLANG_WARN_INT_CONVERSION = YES;
				CLANG_WARN_NON_LITERAL_NULL_CONVERSION = YES;
				CLANG_WARN_OBJC_IMPLICIT_RETAIN_SELF = YES;
				CLANG_WARN_OBJC_LITERAL_CONVERSION = YES;
				CLANG_WARN_OBJC_ROOT_CLASS = YES_ERROR;
				CLANG_WARN_QUOTED_INCLUDE_IN_FRAMEWORK_HEADER = YES;
				CLANG_WARN_RANGE_LOOP_ANALYSIS = YES;
				CLANG_WARN_STRICT_PROTOTYPES = YES;
				CLANG_WARN_SUSPICIOUS_MOVE = YES;
				CLANG_WARN_UNGUARDED_AVAILABILITY = YES_AGGRESSIVE;
				CLANG_WARN_UNREACHABLE_CODE = YES;
				CLANG_WARN__DUPLICATE_METHOD_MATCH = YES;
				COPY_PHASE_STRIP = NO;
				DEBUG_INFORMATION_FORMAT = dwarf;
				ENABLE_STRICT_OBJC_MSGSEND = YES;
				ENABLE_TESTABILITY = YES;
				GCC_C_LANGUAGE_STANDARD = gnu11;
				GCC_DYNAMIC_NO_PIC = NO;
				GCC_NO_COMMON_BLOCKS = YES;
				GCC_OPTIMIZATION_LEVEL = 0;
				GCC_PREPROCESSOR_DEFINITIONS = (
					"DEBUG=1",
					"$(inherited)",
				);
				GCC_WARN_64_TO_32_BIT_CONVERSION = YES;
				GCC_WARN_ABOUT_RETURN_TYPE = YES_ERROR;
				GCC_WARN_UNDECLARED_SELECTOR = YES;
				GCC_WARN_UNINITIALIZED_AUTOS = YES_AGGRESSIVE;
				GCC_WARN_UNUSED_FUNCTION = YES;
				GCC_WARN_UNUSED_VARIABLE = YES;
				IPHONEOS_DEPLOYMENT_TARGET = 16.2;
				MTL_ENABLE_DEBUG_INFO = INCLUDE_SOURCE;
				MTL_FAST_MATH = YES;
				ONLY_ACTIVE_ARCH = YES;
				SDKROOT = iphoneos;
				SWIFT_ACTIVE_COMPILATION_CONDITIONS = DEBUG;
				SWIFT_OPTIMIZATION_LEVEL = "-Onone";
			};
			name = Debug;
		};
		4F2F66F72A123E6B00819DAF /* Release */ = {
			isa = XCBuildConfiguration;
			buildSettings = {
				ALWAYS_SEARCH_USER_PATHS = NO;
				CLANG_ANALYZER_NONNULL = YES;
				CLANG_ANALYZER_NUMBER_OBJECT_CONVERSION = YES_AGGRESSIVE;
				CLANG_CXX_LANGUAGE_STANDARD = "gnu++20";
				CLANG_ENABLE_MODULES = YES;
				CLANG_ENABLE_OBJC_ARC = YES;
				CLANG_ENABLE_OBJC_WEAK = YES;
				CLANG_WARN_BLOCK_CAPTURE_AUTORELEASING = YES;
				CLANG_WARN_BOOL_CONVERSION = YES;
				CLANG_WARN_COMMA = YES;
				CLANG_WARN_CONSTANT_CONVERSION = YES;
				CLANG_WARN_DEPRECATED_OBJC_IMPLEMENTATIONS = YES;
				CLANG_WARN_DIRECT_OBJC_ISA_USAGE = YES_ERROR;
				CLANG_WARN_DOCUMENTATION_COMMENTS = YES;
				CLANG_WARN_EMPTY_BODY = YES;
				CLANG_WARN_ENUM_CONVERSION = YES;
				CLANG_WARN_INFINITE_RECURSION = YES;
				CLANG_WARN_INT_CONVERSION = YES;
				CLANG_WARN_NON_LITERAL_NULL_CONVERSION = YES;
				CLANG_WARN_OBJC_IMPLICIT_RETAIN_SELF = YES;
				CLANG_WARN_OBJC_LITERAL_CONVERSION = YES;
				CLANG_WARN_OBJC_ROOT_CLASS = YES_ERROR;
				CLANG_WARN_QUOTED_INCLUDE_IN_FRAMEWORK_HEADER = YES;
				CLANG_WARN_RANGE_LOOP_ANALYSIS = YES;
				CLANG_WARN_STRICT_PROTOTYPES = YES;
				CLANG_WARN_SUSPICIOUS_MOVE = YES;
				CLANG_WARN_UNGUARDED_AVAILABILITY = YES_AGGRESSIVE;
				CLANG_WARN_UNREACHABLE_CODE = YES;
				CLANG_WARN__DUPLICATE_METHOD_MATCH = YES;
				COPY_PHASE_STRIP = NO;
				DEBUG_INFORMATION_FORMAT = "dwarf-with-dsym";
				ENABLE_NS_ASSERTIONS = NO;
				ENABLE_STRICT_OBJC_MSGSEND = YES;
				GCC_C_LANGUAGE_STANDARD = gnu11;
				GCC_NO_COMMON_BLOCKS = YES;
				GCC_WARN_64_TO_32_BIT_CONVERSION = YES;
				GCC_WARN_ABOUT_RETURN_TYPE = YES_ERROR;
				GCC_WARN_UNDECLARED_SELECTOR = YES;
				GCC_WARN_UNINITIALIZED_AUTOS = YES_AGGRESSIVE;
				GCC_WARN_UNUSED_FUNCTION = YES;
				GCC_WARN_UNUSED_VARIABLE = YES;
				IPHONEOS_DEPLOYMENT_TARGET = 16.2;
				MTL_ENABLE_DEBUG_INFO = NO;
				MTL_FAST_MATH = YES;
				SDKROOT = iphoneos;
				SWIFT_COMPILATION_MODE = wholemodule;
				SWIFT_OPTIMIZATION_LEVEL = "-O";
				VALIDATE_PRODUCT = YES;
			};
			name = Release;
		};
		4F2F66F92A123E6B00819DAF /* Debug */ = {
			isa = XCBuildConfiguration;
			buildSettings = {
				ASSETCATALOG_COMPILER_APPICON_NAME = AppIcon;
				ASSETCATALOG_COMPILER_GLOBAL_ACCENT_COLOR_NAME = AccentColor;
				CODE_SIGN_STYLE = Automatic;
				CURRENT_PROJECT_VERSION = 1;
				DEVELOPMENT_TEAM = USB677SYCW;
				GENERATE_INFOPLIST_FILE = YES;
				INFOPLIST_FILE = FaceIDwKeychain/Info.plist;
				INFOPLIST_KEY_UIApplicationSupportsIndirectInputEvents = YES;
				INFOPLIST_KEY_UILaunchStoryboardName = LaunchScreen;
				INFOPLIST_KEY_UIMainStoryboardFile = Main;
				INFOPLIST_KEY_UISupportedInterfaceOrientations_iPad = "UIInterfaceOrientationPortrait UIInterfaceOrientationPortraitUpsideDown UIInterfaceOrientationLandscapeLeft UIInterfaceOrientationLandscapeRight";
				INFOPLIST_KEY_UISupportedInterfaceOrientations_iPhone = "UIInterfaceOrientationPortrait UIInterfaceOrientationLandscapeLeft UIInterfaceOrientationLandscapeRight";
				LD_RUNPATH_SEARCH_PATHS = (
					"$(inherited)",
					"@executable_path/Frameworks",
				);
				MARKETING_VERSION = 1.0;
				PRODUCT_BUNDLE_IDENTIFIER = com.harundemirkaya.FaceIDwKeychain;
				PRODUCT_NAME = "$(TARGET_NAME)";
				SWIFT_EMIT_LOC_STRINGS = YES;
				SWIFT_VERSION = 5.0;
				TARGETED_DEVICE_FAMILY = "1,2";
			};
			name = Debug;
		};
		4F2F66FA2A123E6B00819DAF /* Release */ = {
			isa = XCBuildConfiguration;
			buildSettings = {
				ASSETCATALOG_COMPILER_APPICON_NAME = AppIcon;
				ASSETCATALOG_COMPILER_GLOBAL_ACCENT_COLOR_NAME = AccentColor;
				CODE_SIGN_STYLE = Automatic;
				CURRENT_PROJECT_VERSION = 1;
				DEVELOPMENT_TEAM = USB677SYCW;
				GENERATE_INFOPLIST_FILE = YES;
				INFOPLIST_FILE = FaceIDwKeychain/Info.plist;
				INFOPLIST_KEY_UIApplicationSupportsIndirectInputEvents = YES;
				INFOPLIST_KEY_UILaunchStoryboardName = LaunchScreen;
				INFOPLIST_KEY_UIMainStoryboardFile = Main;
				INFOPLIST_KEY_UISupportedInterfaceOrientations_iPad = "UIInterfaceOrientationPortrait UIInterfaceOrientationPortraitUpsideDown UIInterfaceOrientationLandscapeLeft UIInterfaceOrientationLandscapeRight";
				INFOPLIST_KEY_UISupportedInterfaceOrientations_iPhone = "UIInterfaceOrientationPortrait UIInterfaceOrientationLandscapeLeft UIInterfaceOrientationLandscapeRight";
				LD_RUNPATH_SEARCH_PATHS = (
					"$(inherited)",
					"@executable_path/Frameworks",
				);
				MARKETING_VERSION = 1.0;
				PRODUCT_BUNDLE_IDENTIFIER = com.harundemirkaya.FaceIDwKeychain;
				PRODUCT_NAME = "$(TARGET_NAME)";
				SWIFT_EMIT_LOC_STRINGS = YES;
				SWIFT_VERSION = 5.0;
				TARGETED_DEVICE_FAMILY = "1,2";
			};
			name = Release;
		};
		4F2F66FC2A123E6B00819DAF /* Debug */ = {
			isa = XCBuildConfiguration;
			buildSettings = {
				ALWAYS_EMBED_SWIFT_STANDARD_LIBRARIES = YES;
				BUNDLE_LOADER = "$(TEST_HOST)";
				CODE_SIGN_STYLE = Automatic;
				CURRENT_PROJECT_VERSION = 1;
				DEVELOPMENT_TEAM = USB677SYCW;
				GENERATE_INFOPLIST_FILE = YES;
				IPHONEOS_DEPLOYMENT_TARGET = 16.2;
				MARKETING_VERSION = 1.0;
				PRODUCT_BUNDLE_IDENTIFIER = com.harundemirkaya.FaceIDwKeychainTests;
				PRODUCT_NAME = "$(TARGET_NAME)";
				SWIFT_EMIT_LOC_STRINGS = NO;
				SWIFT_VERSION = 5.0;
				TARGETED_DEVICE_FAMILY = "1,2";
				TEST_HOST = "$(BUILT_PRODUCTS_DIR)/FaceIDwKeychain.app/$(BUNDLE_EXECUTABLE_FOLDER_PATH)/FaceIDwKeychain";
			};
			name = Debug;
		};
		4F2F66FD2A123E6B00819DAF /* Release */ = {
			isa = XCBuildConfiguration;
			buildSettings = {
				ALWAYS_EMBED_SWIFT_STANDARD_LIBRARIES = YES;
				BUNDLE_LOADER = "$(TEST_HOST)";
				CODE_SIGN_STYLE = Automatic;
				CURRENT_PROJECT_VERSION = 1;
				DEVELOPMENT_TEAM = USB677SYCW;
				GENERATE_INFOPLIST_FILE = YES;
				IPHONEOS_DEPLOYMENT_TARGET = 16.2;
				MARKETING_VERSION = 1.0;
				PRODUCT_BUNDLE_IDENTIFIER = com.harundemirkaya.FaceIDwKeychainTests;
				PRODUCT_NAME = "$(TARGET_NAME)";
				SWIFT_EMIT_LOC_STRINGS = NO;
				SWIFT_VERSION = 5.0;
				TARGETED_DEVICE_FAMILY = "1,2";
				TEST_HOST = "$(BUILT_PRODUCTS_DIR)/FaceIDwKeychain.app/$(BUNDLE_EXECUTABLE_FOLDER_PATH)/FaceIDwKeychain";
			};
			name = Release;
		};
		4F2F66FF2A123E6B00819DAF /* Debug */ = {
			isa = XCBuildConfiguration;
			buildSettings = {
				ALWAYS_EMBED_SWIFT_STANDARD_LIBRARIES = YES;
				CODE_SIGN_STYLE = Automatic;
				CURRENT_PROJECT_VERSION = 1;
				DEVELOPMENT_TEAM = USB677SYCW;
				GENERATE_INFOPLIST_FILE = YES;
				MARKETING_VERSION = 1.0;
				PRODUCT_BUNDLE_IDENTIFIER = com.harundemirkaya.FaceIDwKeychainUITests;
				PRODUCT_NAME = "$(TARGET_NAME)";
				SWIFT_EMIT_LOC_STRINGS = NO;
				SWIFT_VERSION = 5.0;
				TARGETED_DEVICE_FAMILY = "1,2";
				TEST_TARGET_NAME = FaceIDwKeychain;
			};
			name = Debug;
		};
		4F2F67002A123E6B00819DAF /* Release */ = {
			isa = XCBuildConfiguration;
			buildSettings = {
				ALWAYS_EMBED_SWIFT_STANDARD_LIBRARIES = YES;
				CODE_SIGN_STYLE = Automatic;
				CURRENT_PROJECT_VERSION = 1;
				DEVELOPMENT_TEAM = USB677SYCW;
				GENERATE_INFOPLIST_FILE = YES;
				MARKETING_VERSION = 1.0;
				PRODUCT_BUNDLE_IDENTIFIER = com.harundemirkaya.FaceIDwKeychainUITests;
				PRODUCT_NAME = "$(TARGET_NAME)";
				SWIFT_EMIT_LOC_STRINGS = NO;
				SWIFT_VERSION = 5.0;
				TARGETED_DEVICE_FAMILY = "1,2";
				TEST_TARGET_NAME = FaceIDwKeychain;
			};
			name = Release;
		};
/* End XCBuildConfiguration section */

/* Begin XCConfigurationList section */
		4F2F66C92A123E6900819DAF /* Build configuration list for PBXProject "FaceIDwKeychain" */ = {
			isa = XCConfigurationList;
			buildConfigurations = (
				4F2F66F62A123E6B00819DAF /* Debug */,
				4F2F66F72A123E6B00819DAF /* Release */,
			);
			defaultConfigurationIsVisible = 0;
			defaultConfigurationName = Release;
		};
		4F2F66F82A123E6B00819DAF /* Build configuration list for PBXNativeTarget "FaceIDwKeychain" */ = {
			isa = XCConfigurationList;
			buildConfigurations = (
				4F2F66F92A123E6B00819DAF /* Debug */,
				4F2F66FA2A123E6B00819DAF /* Release */,
			);
			defaultConfigurationIsVisible = 0;
			defaultConfigurationName = Release;
		};
		4F2F66FB2A123E6B00819DAF /* Build configuration list for PBXNativeTarget "FaceIDwKeychainTests" */ = {
			isa = XCConfigurationList;
			buildConfigurations = (
				4F2F66FC2A123E6B00819DAF /* Debug */,
				4F2F66FD2A123E6B00819DAF /* Release */,
			);
			defaultConfigurationIsVisible = 0;
			defaultConfigurationName = Release;
		};
		4F2F66FE2A123E6B00819DAF /* Build configuration list for PBXNativeTarget "FaceIDwKeychainUITests" */ = {
			isa = XCConfigurationList;
			buildConfigurations = (
				4F2F66FF2A123E6B00819DAF /* Debug */,
				4F2F67002A123E6B00819DAF /* Release */,
			);
			defaultConfigurationIsVisible = 0;
			defaultConfigurationName = Release;
		};
/* End XCConfigurationList section */
	};
	rootObject = 4F2F66C62A123E6900819DAF /* Project object */;
}
